PODS:
  - Capacitor (6.1.2):
    - CapacitorCordova
  - CapacitorApp (6.0.0):
    - Capacitor
  - CapacitorCordova (6.1.2)
  - CapacitorHaptics (6.0.0):
    - Capacitor
  - CapacitorKeyboard (6.0.1):
    - Capacitor
  - CapacitorNetwork (6.0.2):
    - Capacitor
  - CapacitorStatusBar (6.0.0):
    - Capacitor
  - PurchasesHybridCommon (13.0.0):
    - RevenueCat (= 5.2.2)
  - RevenueCat (5.2.2)
  - RevenuecatPurchasesCapacitor (9.0.0):
    - Capacitor
    - PurchasesHybridCommon (= 13.0.0)

DEPENDENCIES:
  - "Capacitor (from `../../node_modules/@capacitor/ios`)"
  - "CapacitorApp (from `../../node_modules/@capacitor/app`)"
  - "CapacitorCordova (from `../../node_modules/@capacitor/ios`)"
  - "CapacitorHaptics (from `../../node_modules/@capacitor/haptics`)"
  - "CapacitorKeyboard (from `../../node_modules/@capacitor/keyboard`)"
  - "CapacitorNetwork (from `../../node_modules/@capacitor/network`)"
  - "CapacitorStatusBar (from `../../node_modules/@capacitor/status-bar`)"
  - "RevenuecatPurchasesCapacitor (from `../../node_modules/@revenuecat/purchases-capacitor`)"

SPEC REPOS:
  trunk:
    - PurchasesHybridCommon
    - RevenueCat

EXTERNAL SOURCES:
  Capacitor:
    :path: "../../node_modules/@capacitor/ios"
  CapacitorApp:
    :path: "../../node_modules/@capacitor/app"
  CapacitorCordova:
    :path: "../../node_modules/@capacitor/ios"
  CapacitorHaptics:
    :path: "../../node_modules/@capacitor/haptics"
  CapacitorKeyboard:
    :path: "../../node_modules/@capacitor/keyboard"
  CapacitorNetwork:
    :path: "../../node_modules/@capacitor/network"
  CapacitorStatusBar:
    :path: "../../node_modules/@capacitor/status-bar"
  RevenuecatPurchasesCapacitor:
    :path: "../../node_modules/@revenuecat/purchases-capacitor"

SPEC CHECKSUMS:
  Capacitor: 679f9673fdf30597493a6362a5d5bf233d46abc2
  CapacitorApp: 9d53aec7101f7b030a950c5bdc4df8612576b279
  CapacitorCordova: f48c89f96c319101cd2f0ce8a2b7449b5fb8b3dd
  CapacitorHaptics: 9ebc9363f0e9b8eb4295088a0b474530acf1859b
  CapacitorKeyboard: 5f32a712adf41e07a61caafb82cf29fb6d8ba123
  CapacitorNetwork: 8796cf1f1104a00b289957b6150b7c60e1c2a8d3
  CapacitorStatusBar: 2e4369f99166125435641b1908d05f561eaba6f6
  PurchasesHybridCommon: ebf821766759155e09b710baa73264a37a4e62f0
  RevenueCat: ba985d80069c1c4b9c9e0763f1852f2a0bdcc2d6
  RevenuecatPurchasesCapacitor: 5f3cd0572ba0c58cbe18a1ec020d306c7a6d08e2

PODFILE CHECKSUM: 4809b1207cbd90646c8a698eeb28a9516189e06f

COCOAPODS: 1.15.2
